
Microsoft Visual Studio Solution File, Format Version 12.00
# Visual Studio Version 17
VisualStudioVersion = 17.11.35312.102
MinimumVisualStudioVersion = 10.0.40219.1
Project("{FAE04EC0-301F-11D3-BF4B-00C04F79EFBC}") = "LabbNo2", "LabbNo2\LabbNo2.csproj", "{5D1EDFC3-7A7E-48D0-ACD8-3916044935D3}"
EndProject
Global
	GlobalSection(SolutionConfigurationPlatforms) = preSolution
		Debug|Any CPU = Debug|Any CPU
		Release|Any CPU = Release|Any CPU
	EndGlobalSection
	GlobalSection(ProjectConfigurationPlatforms) = postSolution
		{5D1EDFC3-7A7E-48D0-ACD8-3916044935D3}.Debug|Any CPU.ActiveCfg = Debug|Any CPU
		{5D1EDFC3-7A7E-48D0-ACD8-3916044935D3}.Debug|Any CPU.Build.0 = Debug|Any CPU
		{5D1EDFC3-7A7E-48D0-ACD8-3916044935D3}.Release|Any CPU.ActiveCfg = Release|Any CPU
		{5D1EDFC3-7A7E-48D0-ACD8-3916044935D3}.Release|Any CPU.Build.0 = Release|Any CPU
	EndGlobalSection
	GlobalSection(SolutionProperties) = preSolution
		HideSolutionNode = FALSE
	EndGlobalSection
	GlobalSection(ExtensibilityGlobals) = postSolution
		SolutionGuid = {5F1E7A2E-804E-40D9-8FAE-658CC47D75B1}
	EndGlobalSection
EndGlobal
