
Microsoft Visual Studio Solution File, Format Version 12.00
# Visual Studio Version 17
VisualStudioVersion = 17.11.35312.102
MinimumVisualStudioVersion = 10.0.40219.1
Project("{9A19103F-16F7-4668-BE54-9A1E7A4F7556}") = "01. Person med property FirstName", "01. Person med property FirstName\01. Person med property FirstName.csproj", "{7462682C-AA3A-4F91-A965-94245705B618}"
EndProject
Project("{9A19103F-16F7-4668-BE54-9A1E7A4F7556}") = "02. Autoproperty LastName", "02. Autoproperty LastName\02. Autoproperty LastName.csproj", "{CC6988E5-C88E-4414-9D66-69E2ACD320AC}"
EndProject
Project("{9A19103F-16F7-4668-BE54-9A1E7A4F7556}") = "03. Read-only property FullName", "03. Read-only property FullName\03. Read-only property FullName.csproj", "{EE8C497F-F0AB-4516-BB5A-1093D5D295D0}"
EndProject
Project("{9A19103F-16F7-4668-BE54-9A1E7A4F7556}") = "04. Stegräknare", "04. Stegräknare\04. Stegräknare.csproj", "{4F2FF91F-DA22-4BED-905B-45B76D7EF098}"
EndProject
Project("{9A19103F-16F7-4668-BE54-9A1E7A4F7556}") = "05. Bil", "05. Bil\05. Bil.csproj", "{76425747-3A9D-4EA2-B630-8CF8732C1637}"
EndProject
Project("{FAE04EC0-301F-11D3-BF4B-00C04F79EFBC}") = "06. Vattenglas", "06. Vattenglas\06. Vattenglas.csproj", "{81C5A805-64E9-4D32-AACD-03468A7FD053}"
EndProject
Project("{FAE04EC0-301F-11D3-BF4B-00C04F79EFBC}") = "07. Blå & Röd", "07. Blå & Röd\07. Blå & Röd.csproj", "{8C641457-7226-4E9D-9B86-797848931409}"
EndProject
Project("{FAE04EC0-301F-11D3-BF4B-00C04F79EFBC}") = "08. Bil 2", "08. Bil 2\08. Bil 2.csproj", "{D1DE67F2-3E55-4502-9151-2D482549DAA5}"
EndProject
Project("{FAE04EC0-301F-11D3-BF4B-00C04F79EFBC}") = "09. Lägg till statisk metod", "09. Lägg till statisk metod\09. Lägg till statisk metod.csproj", "{A4F924E4-EEBD-4DB6-8A33-5D008BFE925C}"
EndProject
Project("{FAE04EC0-301F-11D3-BF4B-00C04F79EFBC}") = "10. Simulering", "10. Simulering\10. Simulering.csproj", "{6B63B23C-C0FE-4CF1-9347-61BA161794B4}"
EndProject
Global
	GlobalSection(SolutionConfigurationPlatforms) = preSolution
		Debug|Any CPU = Debug|Any CPU
		Release|Any CPU = Release|Any CPU
	EndGlobalSection
	GlobalSection(ProjectConfigurationPlatforms) = postSolution
		{7462682C-AA3A-4F91-A965-94245705B618}.Debug|Any CPU.ActiveCfg = Debug|Any CPU
		{7462682C-AA3A-4F91-A965-94245705B618}.Debug|Any CPU.Build.0 = Debug|Any CPU
		{7462682C-AA3A-4F91-A965-94245705B618}.Release|Any CPU.ActiveCfg = Release|Any CPU
		{7462682C-AA3A-4F91-A965-94245705B618}.Release|Any CPU.Build.0 = Release|Any CPU
		{CC6988E5-C88E-4414-9D66-69E2ACD320AC}.Debug|Any CPU.ActiveCfg = Debug|Any CPU
		{CC6988E5-C88E-4414-9D66-69E2ACD320AC}.Debug|Any CPU.Build.0 = Debug|Any CPU
		{CC6988E5-C88E-4414-9D66-69E2ACD320AC}.Release|Any CPU.ActiveCfg = Release|Any CPU
		{CC6988E5-C88E-4414-9D66-69E2ACD320AC}.Release|Any CPU.Build.0 = Release|Any CPU
		{EE8C497F-F0AB-4516-BB5A-1093D5D295D0}.Debug|Any CPU.ActiveCfg = Debug|Any CPU
		{EE8C497F-F0AB-4516-BB5A-1093D5D295D0}.Debug|Any CPU.Build.0 = Debug|Any CPU
		{EE8C497F-F0AB-4516-BB5A-1093D5D295D0}.Release|Any CPU.ActiveCfg = Release|Any CPU
		{EE8C497F-F0AB-4516-BB5A-1093D5D295D0}.Release|Any CPU.Build.0 = Release|Any CPU
		{4F2FF91F-DA22-4BED-905B-45B76D7EF098}.Debug|Any CPU.ActiveCfg = Debug|Any CPU
		{4F2FF91F-DA22-4BED-905B-45B76D7EF098}.Debug|Any CPU.Build.0 = Debug|Any CPU
		{4F2FF91F-DA22-4BED-905B-45B76D7EF098}.Release|Any CPU.ActiveCfg = Release|Any CPU
		{4F2FF91F-DA22-4BED-905B-45B76D7EF098}.Release|Any CPU.Build.0 = Release|Any CPU
		{76425747-3A9D-4EA2-B630-8CF8732C1637}.Debug|Any CPU.ActiveCfg = Debug|Any CPU
		{76425747-3A9D-4EA2-B630-8CF8732C1637}.Debug|Any CPU.Build.0 = Debug|Any CPU
		{76425747-3A9D-4EA2-B630-8CF8732C1637}.Release|Any CPU.ActiveCfg = Release|Any CPU
		{76425747-3A9D-4EA2-B630-8CF8732C1637}.Release|Any CPU.Build.0 = Release|Any CPU
		{81C5A805-64E9-4D32-AACD-03468A7FD053}.Debug|Any CPU.ActiveCfg = Debug|Any CPU
		{81C5A805-64E9-4D32-AACD-03468A7FD053}.Debug|Any CPU.Build.0 = Debug|Any CPU
		{81C5A805-64E9-4D32-AACD-03468A7FD053}.Release|Any CPU.ActiveCfg = Release|Any CPU
		{81C5A805-64E9-4D32-AACD-03468A7FD053}.Release|Any CPU.Build.0 = Release|Any CPU
		{8C641457-7226-4E9D-9B86-797848931409}.Debug|Any CPU.ActiveCfg = Debug|Any CPU
		{8C641457-7226-4E9D-9B86-797848931409}.Debug|Any CPU.Build.0 = Debug|Any CPU
		{8C641457-7226-4E9D-9B86-797848931409}.Release|Any CPU.ActiveCfg = Release|Any CPU
		{8C641457-7226-4E9D-9B86-797848931409}.Release|Any CPU.Build.0 = Release|Any CPU
		{D1DE67F2-3E55-4502-9151-2D482549DAA5}.Debug|Any CPU.ActiveCfg = Debug|Any CPU
		{D1DE67F2-3E55-4502-9151-2D482549DAA5}.Debug|Any CPU.Build.0 = Debug|Any CPU
		{D1DE67F2-3E55-4502-9151-2D482549DAA5}.Release|Any CPU.ActiveCfg = Release|Any CPU
		{D1DE67F2-3E55-4502-9151-2D482549DAA5}.Release|Any CPU.Build.0 = Release|Any CPU
		{A4F924E4-EEBD-4DB6-8A33-5D008BFE925C}.Debug|Any CPU.ActiveCfg = Debug|Any CPU
		{A4F924E4-EEBD-4DB6-8A33-5D008BFE925C}.Debug|Any CPU.Build.0 = Debug|Any CPU
		{A4F924E4-EEBD-4DB6-8A33-5D008BFE925C}.Release|Any CPU.ActiveCfg = Release|Any CPU
		{A4F924E4-EEBD-4DB6-8A33-5D008BFE925C}.Release|Any CPU.Build.0 = Release|Any CPU
		{6B63B23C-C0FE-4CF1-9347-61BA161794B4}.Debug|Any CPU.ActiveCfg = Debug|Any CPU
		{6B63B23C-C0FE-4CF1-9347-61BA161794B4}.Debug|Any CPU.Build.0 = Debug|Any CPU
		{6B63B23C-C0FE-4CF1-9347-61BA161794B4}.Release|Any CPU.ActiveCfg = Release|Any CPU
		{6B63B23C-C0FE-4CF1-9347-61BA161794B4}.Release|Any CPU.Build.0 = Release|Any CPU
	EndGlobalSection
	GlobalSection(SolutionProperties) = preSolution
		HideSolutionNode = FALSE
	EndGlobalSection
	GlobalSection(ExtensibilityGlobals) = postSolution
		SolutionGuid = {718EAEDE-CCE4-4B9E-B564-02EE93B81FE0}
	EndGlobalSection
EndGlobal
