
Microsoft Visual Studio Solution File, Format Version 12.00
# Visual Studio Version 17
VisualStudioVersion = 17.11.35312.102
MinimumVisualStudioVersion = 10.0.40219.1
Project("{FAE04EC0-301F-11D3-BF4B-00C04F79EFBC}") = "SOLID", "SRP\SOLID.csproj", "{3C109C23-604D-4236-9E8E-E11F065F4E34}"
EndProject
Global
	GlobalSection(SolutionConfigurationPlatforms) = preSolution
		Debug|Any CPU = Debug|Any CPU
		Release|Any CPU = Release|Any CPU
	EndGlobalSection
	GlobalSection(ProjectConfigurationPlatforms) = postSolution
		{3C109C23-604D-4236-9E8E-E11F065F4E34}.Debug|Any CPU.ActiveCfg = Debug|Any CPU
		{3C109C23-604D-4236-9E8E-E11F065F4E34}.Debug|Any CPU.Build.0 = Debug|Any CPU
		{3C109C23-604D-4236-9E8E-E11F065F4E34}.Release|Any CPU.ActiveCfg = Release|Any CPU
		{3C109C23-604D-4236-9E8E-E11F065F4E34}.Release|Any CPU.Build.0 = Release|Any CPU
	EndGlobalSection
	GlobalSection(SolutionProperties) = preSolution
		HideSolutionNode = FALSE
	EndGlobalSection
	GlobalSection(ExtensibilityGlobals) = postSolution
		SolutionGuid = {E803191E-098C-42E8-8A16-F91E090DC4FC}
	EndGlobalSection
EndGlobal
