
Microsoft Visual Studio Solution File, Format Version 12.00
# Visual Studio Version 17
VisualStudioVersion = 17.11.35312.102
MinimumVisualStudioVersion = 10.0.40219.1
Project("{9A19103F-16F7-4668-BE54-9A1E7A4F7556}") = "01. Skapa en klass för fordon", "01. Skapa en klass för fordon\01. Skapa en klass för fordon.csproj", "{C48BACE9-9D91-410C-B758-C955FD07A263}"
EndProject
Project("{9A19103F-16F7-4668-BE54-9A1E7A4F7556}") = "02. Lägg till override för ToString()", "02. Lägg till override för ToString()\02. Lägg till override för ToString().csproj", "{3F4775FE-DE21-426A-806C-158F08DF2526}"
EndProject
Project("{9A19103F-16F7-4668-BE54-9A1E7A4F7556}") = "03. Skapa en subklass för bilar", "03. Skapa en subklass för bilar\03. Skapa en subklass för bilar.csproj", "{3B3C2BB1-4E22-46EB-89BB-7FAECE72E5C5}"
EndProject
Project("{FAE04EC0-301F-11D3-BF4B-00C04F79EFBC}") = "04. Skapa en struct för att spara längd, bredd och höjd.", "04. Skapa en struct för att spara längd, bredd och höjd\04. Skapa en struct för att spara längd, bredd och höjd..csproj", "{6A0B1A47-7A28-4C81-8229-F8D65409901F}"
EndProject
Project("{FAE04EC0-301F-11D3-BF4B-00C04F79EFBC}") = "05. Initiera i Vehicle, skriv ut i Car.", "05. Initiera i Vehicle, skriv ut i Car\05. Initiera i Vehicle, skriv ut i Car..csproj", "{AEEA3EAD-81AC-4EDC-91F8-9F97264019B2}"
EndProject
Global
	GlobalSection(SolutionConfigurationPlatforms) = preSolution
		Debug|Any CPU = Debug|Any CPU
		Release|Any CPU = Release|Any CPU
	EndGlobalSection
	GlobalSection(ProjectConfigurationPlatforms) = postSolution
		{C48BACE9-9D91-410C-B758-C955FD07A263}.Debug|Any CPU.ActiveCfg = Debug|Any CPU
		{C48BACE9-9D91-410C-B758-C955FD07A263}.Debug|Any CPU.Build.0 = Debug|Any CPU
		{C48BACE9-9D91-410C-B758-C955FD07A263}.Release|Any CPU.ActiveCfg = Release|Any CPU
		{C48BACE9-9D91-410C-B758-C955FD07A263}.Release|Any CPU.Build.0 = Release|Any CPU
		{3F4775FE-DE21-426A-806C-158F08DF2526}.Debug|Any CPU.ActiveCfg = Debug|Any CPU
		{3F4775FE-DE21-426A-806C-158F08DF2526}.Debug|Any CPU.Build.0 = Debug|Any CPU
		{3F4775FE-DE21-426A-806C-158F08DF2526}.Release|Any CPU.ActiveCfg = Release|Any CPU
		{3F4775FE-DE21-426A-806C-158F08DF2526}.Release|Any CPU.Build.0 = Release|Any CPU
		{3B3C2BB1-4E22-46EB-89BB-7FAECE72E5C5}.Debug|Any CPU.ActiveCfg = Debug|Any CPU
		{3B3C2BB1-4E22-46EB-89BB-7FAECE72E5C5}.Debug|Any CPU.Build.0 = Debug|Any CPU
		{3B3C2BB1-4E22-46EB-89BB-7FAECE72E5C5}.Release|Any CPU.ActiveCfg = Release|Any CPU
		{3B3C2BB1-4E22-46EB-89BB-7FAECE72E5C5}.Release|Any CPU.Build.0 = Release|Any CPU
		{6A0B1A47-7A28-4C81-8229-F8D65409901F}.Debug|Any CPU.ActiveCfg = Debug|Any CPU
		{6A0B1A47-7A28-4C81-8229-F8D65409901F}.Debug|Any CPU.Build.0 = Debug|Any CPU
		{6A0B1A47-7A28-4C81-8229-F8D65409901F}.Release|Any CPU.ActiveCfg = Release|Any CPU
		{6A0B1A47-7A28-4C81-8229-F8D65409901F}.Release|Any CPU.Build.0 = Release|Any CPU
		{AEEA3EAD-81AC-4EDC-91F8-9F97264019B2}.Debug|Any CPU.ActiveCfg = Debug|Any CPU
		{AEEA3EAD-81AC-4EDC-91F8-9F97264019B2}.Debug|Any CPU.Build.0 = Debug|Any CPU
		{AEEA3EAD-81AC-4EDC-91F8-9F97264019B2}.Release|Any CPU.ActiveCfg = Release|Any CPU
		{AEEA3EAD-81AC-4EDC-91F8-9F97264019B2}.Release|Any CPU.Build.0 = Release|Any CPU
	EndGlobalSection
	GlobalSection(SolutionProperties) = preSolution
		HideSolutionNode = FALSE
	EndGlobalSection
	GlobalSection(ExtensibilityGlobals) = postSolution
		SolutionGuid = {5FD8F933-B52E-4405-BC6F-E30ED29AC382}
	EndGlobalSection
EndGlobal
